schema: '2.0'
stages:
  clean:
    cmd: papermill --no-progress-bar --no-report-mode clean_members_list.ipynb ../../output/clean_members_list.ipynb
    deps:
    - path: ../../working/true-north/True North June data (updated).xlsx
      hash: md5
      md5: 8c453fa7fd4bcc20491ebe7080e28c7a
      size: 35099
    - path: ../../working/true-north/true north_additional_members_list_19_06_24.xlsx
      hash: md5
      md5: 8d8fb8b7768ae7a2349df0a252c1e25e
      size: 9712
    - path: clean_members_list.ipynb
      hash: md5
      md5: 38a2af2fc156c5ac9b60144b98b6384e
      size: 14515
    outs:
    - path: ../../working/true-north/true_north_clean.csv
      hash: md5
      md5: bbc2db00c2f66e95bdfb08104a9886a4
      size: 76323
  analyse:
    cmd: papermill --no-progress-bar --no-report-mode analyse_members_list.ipynb ../../output/analyse_members_list.ipynb
    deps:
    - path: ../../working/true-north/true_north_clean.csv
      hash: md5
      md5: bbc2db00c2f66e95bdfb08104a9886a4
      size: 76323
    - path: analyse_members_list.ipynb
      hash: md5
      md5: 1d417f023c4c12e0a26c417d092e1dff
      size: 67720
    outs:
    - path: ../../src/overview/membership/_data/cumsum.csv
      hash: md5
      md5: 4eba2a13cff76ba3821da7df2dcb227b
      size: 642
    - path: ../../src/overview/membership/_data/sector_word_counts.csv
      hash: md5
      md5: b1018dd25a05c99b01120baddc708267
      size: 318
    - path: ../../src/overview/membership/_data/top_locations.csv
      hash: md5
      md5: 5c455423c1895bd32f4e8acfc23bfbb1
      size: 96
    - path: ../../src/overview/membership/_data/true_north_members_list.csv
      hash: md5
      md5: b5dff2598785e7bbbde9c861ccba3dcb
      size: 719
    - path: ../../src/overview/membership/_data/updated.yaml
      hash: md5
      md5: cd14408154993b809ccc0a6d1ee14b83
      size: 20
  northern-stars:
    cmd: papermill --no-progress-bar --no-report-mode northern_stars.ipynb ../../output/northern_stars.ipynb
    deps:
    - path: ../../working/true-north/TN Data Explorer_Northern Star Data List_06062024.csv
      hash: md5
      md5: 4b3ca6e6361fba31d3574e21da059a97
      size: 1289
    - path: northern_stars.ipynb
      hash: md5
      md5: 6dae03827ffc82cc4c0f76719be42713
      size: 1104
    outs:
    - path: ../../src/overview/northern-stars/_data/northern_stars.csv
      hash: md5
      md5: e2a314c3e41427b97311f40e616ec309
      size: 1282
