schema: '2.0'
stages:
  clean:
    cmd: papermill --no-progress-bar --no-report-mode clean_members_list.ipynb ../../output/clean_members_list.ipynb
    deps:
    - path: ../../working/true-north/True North June data (updated).xlsx
      hash: md5
      md5: 8c453fa7fd4bcc20491ebe7080e28c7a
      size: 35099
    - path: ../../working/true-north/true north_additional_members_list_19_06_24.xlsx
      hash: md5
      md5: 8d8fb8b7768ae7a2349df0a252c1e25e
      size: 9712
    - path: clean_members_list.ipynb
      hash: md5
      md5: b7a55da490c11d84967c4630c0774658
      size: 11892
    outs:
    - path: ../../working/true-north/true_north_clean.csv
      hash: md5
      md5: 2c579909d9a5a9ff99950e8fb9785aa0
      size: 136230
  analyse:
    cmd: papermill --no-progress-bar --no-report-mode analyse_members_list.ipynb ../../output/analyse_members_list.ipynb
    deps:
    - path: ../../working/true-north/true_north_clean.csv
      hash: md5
      md5: 2c579909d9a5a9ff99950e8fb9785aa0
      size: 136230
    - path: analyse_members_list.ipynb
      hash: md5
      md5: 65dffacd2e80bfee6e2d8d5864f797c7
      size: 13271
    outs:
    - path: ../../src/overview/membership/_data/cumsum.csv
      hash: md5
      md5: 4368fda185e642844d1e18441a8f9326
      size: 957
    - path: ../../src/overview/membership/_data/sector_word_counts.csv
      hash: md5
      md5: d3618b81160efc2bc40ac62019ceddea
      size: 405
    - path: ../../src/overview/membership/_data/top_locations.csv
      hash: md5
      md5: aad5a0f38af3a311e490e9a13e854cfc
      size: 97
    - path: ../../src/overview/membership/_data/true_north_members_list.csv
      hash: md5
      md5: ff19e0e28d7865fcbef5cdd60c8d1c8d
      size: 718
    - path: ../../src/overview/membership/_data/updated.yaml
      hash: md5
      md5: ab431abef165721e2c2fa03700aa824a
      size: 20
  northern-stars:
    cmd: papermill --no-progress-bar --no-report-mode northern_stars.ipynb ../../output/northern_stars.ipynb
    deps:
    - path: ../../working/true-north/TN Data Explorer_Northern Star Data List_06062024.csv
      hash: md5
      md5: 4b3ca6e6361fba31d3574e21da059a97
      size: 1289
    - path: northern_stars.ipynb
      hash: md5
      md5: 6dae03827ffc82cc4c0f76719be42713
      size: 1104
    outs:
    - path: ../../src/overview/northern-stars/_data/northern_stars.csv
      hash: md5
      md5: e2a314c3e41427b97311f40e616ec309
      size: 1282
