schema: '2.0'
stages:
  gva:
    cmd: PYTHONPATH=../.. python gva.py
    deps:
    - path: ../../pipelines/util.py
      hash: md5
      md5: 3b0d2b1c688cf9992c1524e6a5de95b2
      size: 3763
    - path: gva.py
      hash: md5
      md5: 500c2daf4b0ef74bbb2333c078d0d566
      size: 973
    - path: https://github.com/economic-analytics/edd/raw/main/data/parquet/RGVA_LAD.parquet
      hash: md5
      checksum: '"99378d98e56a73690b60f61e731fb5876c6c78d1333f93d1f185b6b71a64dcd9"'
      size: 3315329
    outs:
    - path: ../../src/themes/sustainable-growth/gva/_data/gva_lad.csv
      hash: md5
      md5: 34fde38441f0fae5c44f5c4ab30ac013
      size: 6224
    - path: ../../src/themes/sustainable-growth/gva/_data/updated.yaml
      hash: md5
      md5: 46548d6dc792ea257b7561f562920769
      size: 20
