schema: '2.0'
stages:
  gva:
    cmd: PYTHONPATH=../.. python gva.py
    deps:
    - path: ../../pipelines/util.py
      hash: md5
      md5: 3b0d2b1c688cf9992c1524e6a5de95b2
      size: 3763
    - path: gva.py
      hash: md5
      md5: 500c2daf4b0ef74bbb2333c078d0d566
      size: 973
    - path: https://github.com/economic-analytics/edd/raw/main/data/parquet/RGVA_LAD.parquet
      hash: md5
      checksum: '"c1be64ed511e603676b92efb34eb6f06a7543ca07cd563f7e52cee03c7cec9fa"'
      size: 3003673
    outs:
    - path: ../../src/themes/sustainable-growth/gva/_data/gva_lad.csv
      hash: md5
      md5: c03ed4626ef7608ee914050c06564611
      size: 6215
    - path: ../../src/themes/sustainable-growth/gva/_data/updated.yaml
      hash: md5
      md5: 23504a848695fc382e7c5c3ef17e0c84
      size: 20
