schema: '2.0'
stages:
  scrape-lms:
    cmd: python labour-market.py
    deps:
    - path: ../metadata/lms-codes.csv
      hash: md5
      md5: 33ff63c705f05dff43947d5980a8a72c
      size: 176969
    - path: ../working/labour-market/lms.csv
      hash: md5
      md5: 2c5fc9a9f9820e831b452912c3c47388
      size: 18640004
    - path: labour-market.py
      hash: md5
      md5: 564c1ee92e917eb31fe4130280238eff
      size: 670
    - path: util.py
      hash: md5
      md5: 59926b696cc371b910521512040dabcd
      size: 630
    outs:
    - path: ../src/_data/labour-market/lms.csv
      hash: md5
      md5: 5262512be6c4aa9db35aef86e39e6a78
      size: 73295
  vacancies:
    cmd: python vacancies.py
    deps:
    - path: ../working/vacancies/vacancies-growth-by-sector.csv
      hash: md5
      md5: 465e6a86f041eca367be61ade6346784
      size: 1922
    - path: util.py
      hash: md5
      md5: 59926b696cc371b910521512040dabcd
      size: 630
    - path: vacancies.py
      hash: md5
      md5: d38b047e2b275e33b9cfcf693c847544
      size: 259
    outs:
    - path: ../src/_data/vacancies/growth_by_sector.csv
      hash: md5
      md5: fd5b05784851afdc5835c95f50ce9c3e
      size: 1941
  employment:
    cmd: PYTHONPATH=.. python people/employment.py
    deps:
    - path: people/employment.py
      hash: md5
      md5: e6d474c0ff1bb443fc7cc4ebfb7d5154
      size: 785
    - path: util.py
      hash: md5
      md5: baa16bed947c9e86ccc0803baf3b19a6
      size: 609
