schema: '2.0'
stages:
  b-corp:
    cmd: perl pipelines/b-corp.pl
    deps:
    - path: pipelines/b-corp.pl
      hash: md5
      md5: 5374aa557d56e2c35c041cc6bd8c1570
      size: 10305
    - path: pipelines/lib.pl
      hash: md5
      md5: 89f073c99fdb2dc988646aa10e75df19
      size: 2534
    outs:
    - path: src/themes/sustainable-growth/b-corporations/_data/bcorp_by_la.csv
      hash: md5
      md5: 124ce52c374210ad40135682118822c7
      size: 8773
    - path: src/themes/sustainable-growth/b-corporations/_data/bcorp_north.csv
      hash: md5
      md5: c9da047aa9048d7efdec96d1ba65759c
      size: 77
    - path: src/themes/sustainable-growth/b-corporations/_data/updated.yaml
      hash: md5
      md5: 8d3399781bf4d39a08385d943307d3a8
      size: 16
  metadata:
    cmd: python pipelines/metadata.py
    deps:
    - path: https://raw.githubusercontent.com/economic-analytics/edd/main/data/edd_dict.csv
      hash: md5
      checksum: '"0ea3f540ec0b328626adfb0bd7b2b5051d570f4e0f8d681cdc180e80e81eb8d4"'
      size: 8077
    - path: pipelines/metadata.py
      hash: md5
      md5: d3c13ab1acd1c69e68718de3cca714fe
      size: 825
    outs:
    - path: src/_data/metadata.yaml
      hash: md5
      md5: 88ec2df47c96988f128330bbe1349302
      size: 7779
  edd_dictionary:
    cmd: python pipelines/edd_dictionary.py
    deps:
    - path: https://raw.githubusercontent.com/economic-analytics/edd/main/data/edd_dict.csv
      hash: md5
      checksum: '"d60d0affb2305787fa43205773f4ff876e9ccb1af0635f288b909598ef2e3ef8"'
      size: 10438
    - path: pipelines/edd_dictionary.py
      hash: md5
      md5: 447c3dbdee681c2e3d8865ea7dc82f66
      size: 831
    outs:
    - path: src/_data/edd_dictionary.yaml
      hash: md5
      md5: 19794c92b1947540b701c671281edd2f
      size: 7791
