schema: '2.0'
stages:
  b-corp:
    cmd: perl pipelines/b-corp.pl
    deps:
    - path: pipelines/b-corp.pl
      hash: md5
      md5: 5374aa557d56e2c35c041cc6bd8c1570
      size: 10305
    - path: pipelines/lib.pl
      hash: md5
      md5: 30b2e2bc3a113be89eb1e8ad993ac266
      size: 3325
    outs:
    - path: src/themes/sustainable-growth/b-corporations/_data/bcorp_by_la.csv
      hash: md5
      md5: f28ec3818b9a0c45ba4437a56e8a4d52
      size: 118338
    - path: src/themes/sustainable-growth/b-corporations/_data/bcorp_north.csv
      hash: md5
      md5: 7b9607ef6e8776607e3f10f47c721258
      size: 83
    - path: src/themes/sustainable-growth/b-corporations/_data/updated.yaml
      hash: md5
      md5: d8c3ef870e213dae95a89be37e21c76f
      size: 16
  metadata:
    cmd: python pipelines/metadata.py
    deps:
    - path: https://raw.githubusercontent.com/economic-analytics/edd/main/data/edd_dict.csv
      hash: md5
      checksum: '"0ea3f540ec0b328626adfb0bd7b2b5051d570f4e0f8d681cdc180e80e81eb8d4"'
      size: 8077
    - path: pipelines/metadata.py
      hash: md5
      md5: d3c13ab1acd1c69e68718de3cca714fe
      size: 825
    outs:
    - path: src/_data/metadata.yaml
      hash: md5
      md5: 88ec2df47c96988f128330bbe1349302
      size: 7779
  edd_dictionary:
    cmd: python pipelines/edd_dictionary.py
    deps:
    - path: https://raw.githubusercontent.com/economic-analytics/edd/main/data/edd_dict.csv
      hash: md5
      checksum: '"61b6aac824809a87381fcd97ab1b4b945f3cef45665edf4deaf527fd3f3cf7f5"'
      size: 11191
    - path: pipelines/edd_dictionary.py
      hash: md5
      md5: 447c3dbdee681c2e3d8865ea7dc82f66
      size: 831
    outs:
    - path: src/_data/edd_dictionary.yaml
      hash: md5
      md5: d47f3e4e29c65e982db62209da40a774
      size: 7683
