schema: '2.0'
stages:
  vacancies:
    cmd: PYTHONPATH=../.. python gtv.py
    deps:
    - path: ../../pipelines/util.py
      hash: md5
      md5: 36ef11ec36aad93bd1f7b596d8f635ce
      size: 1301
    - path: 
        ../../working/innovation-change/entry-clearance-visa-outcomes-datasets-dec-2023.xlsx
      hash: md5
      md5: 3d3dc6e7add1c433a5b501a23164f756
      size: 28123346
    - path: gtv.py
      hash: md5
      md5: 66e3c10f0dd4aaacb67f220e700a6794
      size: 911
    outs:
    - path: ../../src/themes/innovation-change/_data/global_talent.csv
      hash: md5
      md5: 06958cfdde4875ace8dffd0f042169dd
      size: 568
  fastest_sector:
    cmd: papermill --no-progress-bar --no-report-mode fastest_sector.ipynb ../../output/fastest_sector.ipynb
    deps:
    - path: ../../working/cs/fasting-growing-sector-by-lad23.csv
      hash: md5
      md5: 76550e2964dbd0be3eb386be76f05c83
      size: 10516
    - path: fastest_sector.ipynb
      hash: md5
      md5: f9efc2f6e6aa63078a730bcb2af23516
      size: 1377
    outs:
    - path: 
        ../../src/themes/innovation-change/fastest-growing-sectors/_data/fastest_growing_sector_by_LAD23.csv
      hash: md5
      md5: 883ff305299daaf59c0c8c3d998c1022
      size: 4741
  business-demography:
    cmd: papermill --no-progress-bar --no-report-mode business-demography.ipynb ../../output/business-demography.ipynb
    deps:
    - path: ../../working/cs/business-demography.csv
      hash: md5
      md5: 4303bba16ae560f12ffee05401454202
      size: 6520
    - path: business-demography.ipynb
      hash: md5
      md5: 309836a503e6c334b3ee9d9f4485f6fc
      size: 1716
    outs:
    - path: ../../src/themes/innovation-change/business-demography/_data/demography.csv
      hash: md5
      md5: 365332e0a36e18a5821df026ca278aa0
      size: 2564
  productivity:
    cmd: papermill --no-progress-bar --no-report-mode productivity.ipynb ../../output/productivity.ipynb
    deps:
    - path: https://github.com/economic-analytics/edd/raw/main/data/parquet/PROD_LAD.parquet
      hash: md5
      checksum: '"269dea0d1ec3694294688a5bd802276a77e8b216879ceba666ae5d32cad00e6d"'
      size: 109520
    - path: productivity.ipynb
      hash: md5
      md5: 6bb5512988dd45bcc08b68b93fad0a13
      size: 2959
    outs:
    - path: 
        ../../src/themes/innovation-change/productivity/_data/most_recent_productivity_local_authority.csv
      hash: md5
      md5: 7c31bf5bdeb9c64437bb508983616f94
      size: 16816
    - path: ../../src/themes/innovation-change/productivity/_data/updated.yaml
      hash: md5
      md5: dbab2282a5500a5e7383d06a700f1ced
      size: 20
