schema: '2.0'
stages:
  vacancies:
    cmd: PYTHONPATH=../.. python gtv.py
    deps:
    - path: ../../pipelines/util.py
      hash: md5
      md5: 36ef11ec36aad93bd1f7b596d8f635ce
      size: 1301
    - path: 
        ../../working/innovation-change/entry-clearance-visa-outcomes-datasets-dec-2023.xlsx
      hash: md5
      md5: 3d3dc6e7add1c433a5b501a23164f756
      size: 28123346
    - path: gtv.py
      hash: md5
      md5: 66e3c10f0dd4aaacb67f220e700a6794
      size: 911
    outs:
    - path: ../../src/themes/innovation-change/_data/global_talent.csv
      hash: md5
      md5: 06958cfdde4875ace8dffd0f042169dd
      size: 568
