schema: '2.0'
stages:
  vacancies:
    cmd: PYTHONPATH=../.. python vacancies.py
    deps:
    - path: ../../pipelines/util.py
      hash: md5
      md5: 3b0d2b1c688cf9992c1524e6a5de95b2
      size: 3763
    - path: https://github.com/economic-analytics/edd/raw/main/data/parquet/LMS.parquet
      hash: md5
      checksum: '"894a6d8eca95b80b9657ea9b446db15b6af00a588665acc1952c27e225039f04"'
      size: 3186667
    - path: vacancies.py
      hash: md5
      md5: e7202141bcf8de5b8e50329eda6d0b45
      size: 2278
    outs:
    - path: ../../src/themes/people-skills-future/vacancies/_data/vacancies_by_sector.csv
      hash: md5
      md5: 523269f391d223f6649ed17e86ca9d32
      size: 13528
    - path: 
        ../../src/themes/people-skills-future/vacancies/_data/vacancies_yearly_change_by_sector.csv
      hash: md5
      md5: c1a52a77ff6ce9382225810604408a42
      size: 1497
  employment:
    cmd: PYTHONPATH=../.. python employment.py
    deps:
    - path: ../../pipelines/util.py
      hash: md5
      md5: 3b0d2b1c688cf9992c1524e6a5de95b2
      size: 3763
    - path: ../../working/cs/cs-true-north.csv
      hash: md5
      md5: af140a62c1f7e4fffc6c5b797be97290
      size: 1480442
    - path: ../../working/cs/nomis-lad.csv
      hash: md5
      md5: 0338b5283e35c8cbda616319f3738467
      size: 45889578
    - path: employment.py
      hash: md5
      md5: 9c51d3c5f0d7e712b226543232afbf89
      size: 2677
    outs:
    - path: ../../src/themes/people-skills-future/employment/_data/economic_inactivity.csv
      hash: md5
      md5: 7e4807e59f4b6f80201ca37f68a28319
      size: 3566
    - path: 
        ../../src/themes/people-skills-future/employment/_data/economic_inactivity_LAD.csv
      hash: md5
      md5: 057e81fac703f9fb2688fc3d7a406413
      size: 28180
    - path: ../../src/themes/people-skills-future/employment/_data/employment.csv
      hash: md5
      md5: 04fb8c28d58910c5beb477f72bc00a30
      size: 3572
    - path: ../../src/themes/people-skills-future/employment/_data/employment_LAD.csv
      hash: md5
      md5: 4ef259d3c48d6feeeb67306a24b69ac4
      size: 28269
  qualifications:
    cmd: PYTHONPATH=../.. python qualifications.py
    deps:
    - path: ../../pipelines/util.py
      hash: md5
      md5: 3b0d2b1c688cf9992c1524e6a5de95b2
      size: 3763
    - path: ../../working/cs/cs-true-north.csv
      hash: md5
      md5: af140a62c1f7e4fffc6c5b797be97290
      size: 1480442
    - path: qualifications.py
      hash: md5
      md5: 14f95f85aced30e4d81013d40e60271a
      size: 875
    outs:
    - path: ../../src/themes/people-skills-future/qualifications/_data/nvq_4plus.csv
      hash: md5
      md5: 3990161ad18da32662be4cb08145d336
      size: 727
  unem:
    cmd: PYTHONPATH=../.. python neet.py
    deps:
    - path: 
        https://raw.githubusercontent.com/open-innovations/yff-data-pipelines/main/data/processed/neet.csv
      hash: md5
      checksum: '"14ccdbb3a4299537b8eb04d5d83a1ac0f8eed61d0847d29812fa42b3b7c0b694"'
      size: 367480
    - path: neet.py
      hash: md5
      md5: 597ba2ad7c658328164f7b0bc062e04e
      size: 452
  neet:
    cmd: PYTHONPATH=../.. python neet.py
    deps:
    - path: 
        https://raw.githubusercontent.com/open-innovations/yff-data-pipelines/main/data/processed/neet.csv
      hash: md5
      checksum: '"14ccdbb3a4299537b8eb04d5d83a1ac0f8eed61d0847d29812fa42b3b7c0b694"'
      size: 367480
    - path: 
        https://raw.githubusercontent.com/open-innovations/yff-data-pipelines/main/data/processed/yff/neet-factors.csv
      hash: md5
      checksum: '"7334c58ffd7f27be60a5f4bac77d8b7fa378686479246ecde1a4bc63235850de"'
      size: 555225
    - path: neet.py
      hash: md5
      md5: 9699c9674e43fa07fc405a1f5529c686
      size: 1094
    outs:
    - path: ../../src/themes/people-skills-future/employment/_data/neet.csv
      hash: md5
      md5: 9388a8604edf7c27235d8d27aeede084
      size: 160
    - path: ../../src/themes/people-skills-future/employment/_data/risk_of_neet_by_la.csv
      hash: md5
      md5: 121be03fe40ba8f11044310423afd4bb
      size: 23551
  youth-employment:
    cmd: papermill --no-progress-bar --no-report-mode youth_employment.ipynb ../../output/youth_employment.ipynb
    deps:
    - path: ../../working/cs/youth-unemployment-adjusted.csv
      hash: md5
      md5: 666b3a41e5b413f8ab738ccdd1cb3d2a
      size: 26728
    - path: youth_employment.ipynb
      hash: md5
      md5: 0cda02984753f4301b9787be2d939e3b
      size: 10527
    outs:
    - path: ../../src/themes/people-skills-future/employment/_data/youth_employment_RGN.csv
      hash: md5
      md5: cd7f7fca9117146f7178e4e076e459f9
      size: 2666
    - path: 
        ../../src/themes/people-skills-future/employment/_data/youth_employment_RGN_bar_chart.csv
      hash: md5
      md5: 9f432360b6e848c5969954a0880248b6
      size: 337
