schema: '2.0'
stages:
  vacancies:
    cmd: PYTHONPATH=../.. python vacancies.py
    deps:
    - path: ../../pipelines/util.py
      hash: md5
      md5: 36ef11ec36aad93bd1f7b596d8f635ce
      size: 1301
    - path: ../../working/cs/vacancies_by_sector_percentage_change_on_previous.csv
      hash: md5
      md5: f7ada6a8f6bf1c292871898fa47fed07
      size: 497028
    - path: https://github.com/economic-analytics/edd/raw/main/data/parquet/LMS.parquet
      hash: md5
      checksum: '"60f870b20456d96fbd047a3c7c25a0f829e88b8a45a24a13fcafa5157c96ed9d"'
      size: 3113603
    - path: vacancies.py
      hash: md5
      md5: 88a966ef46a55e791c428daa92b60db5
      size: 2602
    outs:
    - path: ../../src/themes/people-skills-future/_data/growth_by_sector.csv
      hash: md5
      md5: d299bf8d940b93bb089c0cd7ed979cfe
      size: 58294
    - path: ../../src/themes/people-skills-future/_data/vacancies_by_sector.csv
      hash: md5
      md5: 0ae540365e861ff4f1fb2f04c26fbfcc
      size: 12570
  employment:
    cmd: PYTHONPATH=../.. python employment.py
    deps:
    - path: ../../pipelines/util.py
      hash: md5
      md5: 36ef11ec36aad93bd1f7b596d8f635ce
      size: 1301
    - path: ../../working/cs/cs-true-north.csv
      hash: md5
      md5: af140a62c1f7e4fffc6c5b797be97290
      size: 1480442
    - path: employment.py
      hash: md5
      md5: 4f9a0b99b9d722b105eba138f5989adc
      size: 640
    outs:
    - path: ../../src/themes/people-skills-future/_data/unemployment.csv
      hash: md5
      md5: b60d9a2d17a38edc13552071bf2187c0
      size: 2943
  qualifications:
    cmd: PYTHONPATH=../.. python qualifications.py
    deps:
    - path: ../../pipelines/util.py
      hash: md5
      md5: 36ef11ec36aad93bd1f7b596d8f635ce
      size: 1301
    - path: ../../working/cs/cs-true-north.csv
      hash: md5
      md5: af140a62c1f7e4fffc6c5b797be97290
      size: 1480442
    - path: qualifications.py
      hash: md5
      md5: e292d3032725c40e9711d9d1294ffc3a
      size: 860
    outs:
    - path: ../../src/themes/people-skills-future/_data/nvq_3plus.csv
      hash: md5
      md5: 1d622f9c0a784598c2d6c1139818cd59
      size: 725
  unem:
    cmd: PYTHONPATH=../.. python neet.py
    deps:
    - path: 
        https://raw.githubusercontent.com/open-innovations/yff-data-pipelines/main/data/processed/neet.csv
      hash: md5
      checksum: '"14ccdbb3a4299537b8eb04d5d83a1ac0f8eed61d0847d29812fa42b3b7c0b694"'
      size: 367480
    - path: neet.py
      hash: md5
      md5: 597ba2ad7c658328164f7b0bc062e04e
      size: 452
  neet:
    cmd: PYTHONPATH=../.. python neet.py
    deps:
    - path: 
        https://raw.githubusercontent.com/open-innovations/yff-data-pipelines/main/data/processed/neet.csv
      hash: md5
      checksum: '"14ccdbb3a4299537b8eb04d5d83a1ac0f8eed61d0847d29812fa42b3b7c0b694"'
      size: 367480
    - path: neet.py
      hash: md5
      md5: 46288d019d453a255f52a168a00e1c54
      size: 1549
    outs:
    - path: ../../src/themes/people-skills-future/_data/neet.csv
      hash: md5
      md5: 9388a8604edf7c27235d8d27aeede084
      size: 160
