schema: '2.0'
stages:
  vacancies:
    cmd: PYTHONPATH=../.. python vacancies.py
    deps:
    - path: ../../pipelines/util.py
      hash: md5
      md5: 36ef11ec36aad93bd1f7b596d8f635ce
      size: 1301
    - path: ../../working/cs/vacancies_by_sector_percentage_change_on_previous.csv
      hash: md5
      md5: f7ada6a8f6bf1c292871898fa47fed07
      size: 497028
    - path: vacancies.py
      hash: md5
      md5: 929ba58398452214227ecfe5a565d3ef
      size: 719
    outs:
    - path: ../../src/themes/people-skills-future/_data/growth_by_sector.csv
      hash: md5
      md5: d299bf8d940b93bb089c0cd7ed979cfe
      size: 58294
  employment:
    cmd: PYTHONPATH=../.. python employment.py
    deps:
    - path: ../../pipelines/util.py
      hash: md5
      md5: 36ef11ec36aad93bd1f7b596d8f635ce
      size: 1301
    - path: ../../working/cs/cs-true-north.csv
      hash: md5
      md5: af140a62c1f7e4fffc6c5b797be97290
      size: 1480442
    - path: employment.py
      hash: md5
      md5: 4f9a0b99b9d722b105eba138f5989adc
      size: 640
    outs:
    - path: ../../src/themes/people-skills-future/_data/unemployment.csv
      hash: md5
      md5: b60d9a2d17a38edc13552071bf2187c0
      size: 2943
  qualifications:
    cmd: PYTHONPATH=../.. python qualifications.py
    deps:
    - path: ../../pipelines/util.py
      hash: md5
      md5: 36ef11ec36aad93bd1f7b596d8f635ce
      size: 1301
    - path: ../../working/cs/cs-true-north.csv
      hash: md5
      md5: af140a62c1f7e4fffc6c5b797be97290
      size: 1480442
    - path: qualifications.py
      hash: md5
      md5: e292d3032725c40e9711d9d1294ffc3a
      size: 860
    outs:
    - path: ../../src/themes/people-skills-future/_data/nvq_3plus.csv
      hash: md5
      md5: 1d622f9c0a784598c2d6c1139818cd59
      size: 725
